
Microsoft Visual Studio Solution File, Format Version 12.00
# Visual Studio Version 16
VisualStudioVersion = 16.0.30611.23
MinimumVisualStudioVersion = 10.0.40219.1
Project("{8BC9CEB8-8B4A-11D0-8D11-00A0C91BC942}") = "part1", "part1.vcxproj", "{89541C76-E478-4BD2-98CA-FC79348B0E52}"
EndProject
Global
	GlobalSection(SolutionConfigurationPlatforms) = preSolution
		Debug|x64 = Debug|x64
		Debug|x86 = Debug|x86
		Release|x64 = Release|x64
		Release|x86 = Release|x86
	EndGlobalSection
	GlobalSection(ProjectConfigurationPlatforms) = postSolution
		{89541C76-E478-4BD2-98CA-FC79348B0E52}.Debug|x64.ActiveCfg = Debug|x64
		{89541C76-E478-4BD2-98CA-FC79348B0E52}.Debug|x64.Build.0 = Debug|x64
		{89541C76-E478-4BD2-98CA-FC79348B0E52}.Debug|x86.ActiveCfg = Debug|Win32
		{89541C76-E478-4BD2-98CA-FC79348B0E52}.Debug|x86.Build.0 = Debug|Win32
		{89541C76-E478-4BD2-98CA-FC79348B0E52}.Release|x64.ActiveCfg = Release|x64
		{89541C76-E478-4BD2-98CA-FC79348B0E52}.Release|x64.Build.0 = Release|x64
		{89541C76-E478-4BD2-98CA-FC79348B0E52}.Release|x86.ActiveCfg = Release|Win32
		{89541C76-E478-4BD2-98CA-FC79348B0E52}.Release|x86.Build.0 = Release|Win32
	EndGlobalSection
	GlobalSection(SolutionProperties) = preSolution
		HideSolutionNode = FALSE
	EndGlobalSection
	GlobalSection(ExtensibilityGlobals) = postSolution
		SolutionGuid = {507AAF06-27BD-4EB2-A160-07788C19CF6F}
	EndGlobalSection
EndGlobal
